{
  "name": "kjogvi_web_assets",
  "version": "0.0.0",
  "lockfileVersion": 3,
  "requires": true,
  "packages": {
    "": {
      "name": "kjogvi_web_assets",
      "version": "0.0.0",
      "dependencies": {
        "@googlemaps/js-api-loader": "^1.16.8"
      }
    },
    "node_modules/@googlemaps/js-api-loader": {
      "version": "1.16.10",
      "resolved": "https://registry.npmjs.org/@googlemaps/js-api-loader/-/js-api-loader-1.16.10.tgz",
      "integrity": "sha512-c2erv2k7P2ilYzMmtYcMgAR21AULosQuUHJbStnrvRk2dG93k5cqptDrh9A8p+ZNlyhiqEOgHW7N9PAizdUM7Q==",
      "license": "Apache-2.0"
    }
  }
}
